
Microsoft Visual Studio Solution File, Format Version 12.00
# Visual Studio 14
VisualStudioVersion = 14.0.25420.1
MinimumVisualStudioVersion = 10.0.40219.1
Project("{FAE04EC0-301F-11D3-BF4B-00C04F79EFBC}") = "dnevnaPechalba", "Programming Basics Exam - 28 Aug 2016\dnevnaPechalba.csproj", "{128FA0B1-17E8-4B8B-9913-4C9BAE9F9336}"
EndProject
Project("{FAE04EC0-301F-11D3-BF4B-00C04F79EFBC}") = "firm", "firm\firm.csproj", "{3C70F979-F419-418A-90B8-4E097AEDC8EE}"
EndProject
Project("{FAE04EC0-301F-11D3-BF4B-00C04F79EFBC}") = "hotelRoom", "hotelRoom\hotelRoom.csproj", "{0D651069-6E17-4693-A1F7-43C3E6E83AB1}"
EndProject
Project("{FAE04EC0-301F-11D3-BF4B-00C04F79EFBC}") = "hospital", "hospital\hospital.csproj", "{ED642202-E152-41A2-8E8F-0BD02E7EC7F6}"
EndProject
Project("{FAE04EC0-301F-11D3-BF4B-00C04F79EFBC}") = "bradva", "bradva\bradva.csproj", "{FC11E7B8-1B4D-452D-B685-2C3AFBB66F78}"
EndProject
Project("{FAE04EC0-301F-11D3-BF4B-00C04F79EFBC}") = "cifri", "cifri\cifri.csproj", "{B8172948-08C1-4746-B5E2-2E755E77B7FE}"
EndProject
Global
	GlobalSection(SolutionConfigurationPlatforms) = preSolution
		Debug|Any CPU = Debug|Any CPU
		Release|Any CPU = Release|Any CPU
	EndGlobalSection
	GlobalSection(ProjectConfigurationPlatforms) = postSolution
		{128FA0B1-17E8-4B8B-9913-4C9BAE9F9336}.Debug|Any CPU.ActiveCfg = Debug|Any CPU
		{128FA0B1-17E8-4B8B-9913-4C9BAE9F9336}.Debug|Any CPU.Build.0 = Debug|Any CPU
		{128FA0B1-17E8-4B8B-9913-4C9BAE9F9336}.Release|Any CPU.ActiveCfg = Release|Any CPU
		{128FA0B1-17E8-4B8B-9913-4C9BAE9F9336}.Release|Any CPU.Build.0 = Release|Any CPU
		{3C70F979-F419-418A-90B8-4E097AEDC8EE}.Debug|Any CPU.ActiveCfg = Debug|Any CPU
		{3C70F979-F419-418A-90B8-4E097AEDC8EE}.Debug|Any CPU.Build.0 = Debug|Any CPU
		{3C70F979-F419-418A-90B8-4E097AEDC8EE}.Release|Any CPU.ActiveCfg = Release|Any CPU
		{3C70F979-F419-418A-90B8-4E097AEDC8EE}.Release|Any CPU.Build.0 = Release|Any CPU
		{0D651069-6E17-4693-A1F7-43C3E6E83AB1}.Debug|Any CPU.ActiveCfg = Debug|Any CPU
		{0D651069-6E17-4693-A1F7-43C3E6E83AB1}.Debug|Any CPU.Build.0 = Debug|Any CPU
		{0D651069-6E17-4693-A1F7-43C3E6E83AB1}.Release|Any CPU.ActiveCfg = Release|Any CPU
		{0D651069-6E17-4693-A1F7-43C3E6E83AB1}.Release|Any CPU.Build.0 = Release|Any CPU
		{ED642202-E152-41A2-8E8F-0BD02E7EC7F6}.Debug|Any CPU.ActiveCfg = Debug|Any CPU
		{ED642202-E152-41A2-8E8F-0BD02E7EC7F6}.Debug|Any CPU.Build.0 = Debug|Any CPU
		{ED642202-E152-41A2-8E8F-0BD02E7EC7F6}.Release|Any CPU.ActiveCfg = Release|Any CPU
		{ED642202-E152-41A2-8E8F-0BD02E7EC7F6}.Release|Any CPU.Build.0 = Release|Any CPU
		{FC11E7B8-1B4D-452D-B685-2C3AFBB66F78}.Debug|Any CPU.ActiveCfg = Debug|Any CPU
		{FC11E7B8-1B4D-452D-B685-2C3AFBB66F78}.Debug|Any CPU.Build.0 = Debug|Any CPU
		{FC11E7B8-1B4D-452D-B685-2C3AFBB66F78}.Release|Any CPU.ActiveCfg = Release|Any CPU
		{FC11E7B8-1B4D-452D-B685-2C3AFBB66F78}.Release|Any CPU.Build.0 = Release|Any CPU
		{B8172948-08C1-4746-B5E2-2E755E77B7FE}.Debug|Any CPU.ActiveCfg = Debug|Any CPU
		{B8172948-08C1-4746-B5E2-2E755E77B7FE}.Debug|Any CPU.Build.0 = Debug|Any CPU
		{B8172948-08C1-4746-B5E2-2E755E77B7FE}.Release|Any CPU.ActiveCfg = Release|Any CPU
		{B8172948-08C1-4746-B5E2-2E755E77B7FE}.Release|Any CPU.Build.0 = Release|Any CPU
	EndGlobalSection
	GlobalSection(SolutionProperties) = preSolution
		HideSolutionNode = FALSE
	EndGlobalSection
EndGlobal
