
Microsoft Visual Studio Solution File, Format Version 12.00
# Visual Studio 14
VisualStudioVersion = 14.0.25420.1
MinimumVisualStudioVersion = 10.0.40219.1
Project("{FAE04EC0-301F-11D3-BF4B-00C04F79EFBC}") = "housePainting", "housePainting\housePainting.csproj", "{B8A2C2C4-EAA3-4EED-92E2-D53ECE5C89AA}"
EndProject
Project("{FAE04EC0-301F-11D3-BF4B-00C04F79EFBC}") = "cups", "cups\cups.csproj", "{DBF5B5A3-22B6-4368-8413-8136D0FBABD0}"
EndProject
Project("{FAE04EC0-301F-11D3-BF4B-00C04F79EFBC}") = "vacation", "vacation\vacation.csproj", "{E9E2385E-14A0-49CD-B794-52EA5D8BEE72}"
EndProject
Project("{FAE04EC0-301F-11D3-BF4B-00C04F79EFBC}") = "trainersSalary", "trainersSalary\trainersSalary.csproj", "{EAEB8FA1-12BD-403E-9708-12DC943E2C6F}"
EndProject
Project("{FAE04EC0-301F-11D3-BF4B-00C04F79EFBC}") = "hourglass", "hourglass\hourglass.csproj", "{BF6FAAD1-01CA-4245-BC08-4F4442BC91E2}"
EndProject
Project("{FAE04EC0-301F-11D3-BF4B-00C04F79EFBC}") = "twoNumbers", "twoNumbers\twoNumbers.csproj", "{225F3A56-6D93-4435-8DF5-E9EDB19CD1DE}"
EndProject
Global
	GlobalSection(SolutionConfigurationPlatforms) = preSolution
		Debug|Any CPU = Debug|Any CPU
		Release|Any CPU = Release|Any CPU
	EndGlobalSection
	GlobalSection(ProjectConfigurationPlatforms) = postSolution
		{B8A2C2C4-EAA3-4EED-92E2-D53ECE5C89AA}.Debug|Any CPU.ActiveCfg = Debug|Any CPU
		{B8A2C2C4-EAA3-4EED-92E2-D53ECE5C89AA}.Debug|Any CPU.Build.0 = Debug|Any CPU
		{B8A2C2C4-EAA3-4EED-92E2-D53ECE5C89AA}.Release|Any CPU.ActiveCfg = Release|Any CPU
		{B8A2C2C4-EAA3-4EED-92E2-D53ECE5C89AA}.Release|Any CPU.Build.0 = Release|Any CPU
		{DBF5B5A3-22B6-4368-8413-8136D0FBABD0}.Debug|Any CPU.ActiveCfg = Debug|Any CPU
		{DBF5B5A3-22B6-4368-8413-8136D0FBABD0}.Debug|Any CPU.Build.0 = Debug|Any CPU
		{DBF5B5A3-22B6-4368-8413-8136D0FBABD0}.Release|Any CPU.ActiveCfg = Release|Any CPU
		{DBF5B5A3-22B6-4368-8413-8136D0FBABD0}.Release|Any CPU.Build.0 = Release|Any CPU
		{E9E2385E-14A0-49CD-B794-52EA5D8BEE72}.Debug|Any CPU.ActiveCfg = Debug|Any CPU
		{E9E2385E-14A0-49CD-B794-52EA5D8BEE72}.Debug|Any CPU.Build.0 = Debug|Any CPU
		{E9E2385E-14A0-49CD-B794-52EA5D8BEE72}.Release|Any CPU.ActiveCfg = Release|Any CPU
		{E9E2385E-14A0-49CD-B794-52EA5D8BEE72}.Release|Any CPU.Build.0 = Release|Any CPU
		{EAEB8FA1-12BD-403E-9708-12DC943E2C6F}.Debug|Any CPU.ActiveCfg = Debug|Any CPU
		{EAEB8FA1-12BD-403E-9708-12DC943E2C6F}.Debug|Any CPU.Build.0 = Debug|Any CPU
		{EAEB8FA1-12BD-403E-9708-12DC943E2C6F}.Release|Any CPU.ActiveCfg = Release|Any CPU
		{EAEB8FA1-12BD-403E-9708-12DC943E2C6F}.Release|Any CPU.Build.0 = Release|Any CPU
		{BF6FAAD1-01CA-4245-BC08-4F4442BC91E2}.Debug|Any CPU.ActiveCfg = Debug|Any CPU
		{BF6FAAD1-01CA-4245-BC08-4F4442BC91E2}.Debug|Any CPU.Build.0 = Debug|Any CPU
		{BF6FAAD1-01CA-4245-BC08-4F4442BC91E2}.Release|Any CPU.ActiveCfg = Release|Any CPU
		{BF6FAAD1-01CA-4245-BC08-4F4442BC91E2}.Release|Any CPU.Build.0 = Release|Any CPU
		{225F3A56-6D93-4435-8DF5-E9EDB19CD1DE}.Debug|Any CPU.ActiveCfg = Debug|Any CPU
		{225F3A56-6D93-4435-8DF5-E9EDB19CD1DE}.Debug|Any CPU.Build.0 = Debug|Any CPU
		{225F3A56-6D93-4435-8DF5-E9EDB19CD1DE}.Release|Any CPU.ActiveCfg = Release|Any CPU
		{225F3A56-6D93-4435-8DF5-E9EDB19CD1DE}.Release|Any CPU.Build.0 = Release|Any CPU
	EndGlobalSection
	GlobalSection(SolutionProperties) = preSolution
		HideSolutionNode = FALSE
	EndGlobalSection
EndGlobal
