
Microsoft Visual Studio Solution File, Format Version 12.00
# Visual Studio 14
VisualStudioVersion = 14.0.25420.1
MinimumVisualStudioVersion = 10.0.40219.1
Project("{FAE04EC0-301F-11D3-BF4B-00C04F79EFBC}") = "Control Number", "Control Number\Control Number.csproj", "{D07AADFA-89AC-49B5-8B91-30FB537A7C41}"
EndProject
Project("{FAE04EC0-301F-11D3-BF4B-00C04F79EFBC}") = "Parallelepiped", "Parallelepiped\Parallelepiped.csproj", "{C0A27ECB-0686-4526-97F7-0BDA2CF86A7F}"
EndProject
Project("{FAE04EC0-301F-11D3-BF4B-00C04F79EFBC}") = "Bils", "Bils\Bils.csproj", "{F5535A46-198F-465B-9CC5-D6538CA39403}"
EndProject
Project("{FAE04EC0-301F-11D3-BF4B-00C04F79EFBC}") = "Truck Driver", "Truck Driver\Truck Driver.csproj", "{ED530B9E-4639-42C3-8861-8820D4169175}"
EndProject
Project("{FAE04EC0-301F-11D3-BF4B-00C04F79EFBC}") = "Styrofoam", "Styrofoam\Styrofoam.csproj", "{4EC3F2C6-789F-4182-B78A-F085C330F6BE}"
EndProject
Project("{FAE04EC0-301F-11D3-BF4B-00C04F79EFBC}") = "lozeRakiya", "lozeRakiya\lozeRakiya.csproj", "{3ABB1B09-8941-4AA8-BB81-E6B3BCA3ABC1}"
EndProject
Global
	GlobalSection(SolutionConfigurationPlatforms) = preSolution
		Debug|Any CPU = Debug|Any CPU
		Release|Any CPU = Release|Any CPU
	EndGlobalSection
	GlobalSection(ProjectConfigurationPlatforms) = postSolution
		{D07AADFA-89AC-49B5-8B91-30FB537A7C41}.Debug|Any CPU.ActiveCfg = Debug|Any CPU
		{D07AADFA-89AC-49B5-8B91-30FB537A7C41}.Debug|Any CPU.Build.0 = Debug|Any CPU
		{D07AADFA-89AC-49B5-8B91-30FB537A7C41}.Release|Any CPU.ActiveCfg = Release|Any CPU
		{D07AADFA-89AC-49B5-8B91-30FB537A7C41}.Release|Any CPU.Build.0 = Release|Any CPU
		{C0A27ECB-0686-4526-97F7-0BDA2CF86A7F}.Debug|Any CPU.ActiveCfg = Debug|Any CPU
		{C0A27ECB-0686-4526-97F7-0BDA2CF86A7F}.Debug|Any CPU.Build.0 = Debug|Any CPU
		{C0A27ECB-0686-4526-97F7-0BDA2CF86A7F}.Release|Any CPU.ActiveCfg = Release|Any CPU
		{C0A27ECB-0686-4526-97F7-0BDA2CF86A7F}.Release|Any CPU.Build.0 = Release|Any CPU
		{F5535A46-198F-465B-9CC5-D6538CA39403}.Debug|Any CPU.ActiveCfg = Debug|Any CPU
		{F5535A46-198F-465B-9CC5-D6538CA39403}.Debug|Any CPU.Build.0 = Debug|Any CPU
		{F5535A46-198F-465B-9CC5-D6538CA39403}.Release|Any CPU.ActiveCfg = Release|Any CPU
		{F5535A46-198F-465B-9CC5-D6538CA39403}.Release|Any CPU.Build.0 = Release|Any CPU
		{ED530B9E-4639-42C3-8861-8820D4169175}.Debug|Any CPU.ActiveCfg = Debug|Any CPU
		{ED530B9E-4639-42C3-8861-8820D4169175}.Debug|Any CPU.Build.0 = Debug|Any CPU
		{ED530B9E-4639-42C3-8861-8820D4169175}.Release|Any CPU.ActiveCfg = Release|Any CPU
		{ED530B9E-4639-42C3-8861-8820D4169175}.Release|Any CPU.Build.0 = Release|Any CPU
		{4EC3F2C6-789F-4182-B78A-F085C330F6BE}.Debug|Any CPU.ActiveCfg = Debug|Any CPU
		{4EC3F2C6-789F-4182-B78A-F085C330F6BE}.Debug|Any CPU.Build.0 = Debug|Any CPU
		{4EC3F2C6-789F-4182-B78A-F085C330F6BE}.Release|Any CPU.ActiveCfg = Release|Any CPU
		{4EC3F2C6-789F-4182-B78A-F085C330F6BE}.Release|Any CPU.Build.0 = Release|Any CPU
		{3ABB1B09-8941-4AA8-BB81-E6B3BCA3ABC1}.Debug|Any CPU.ActiveCfg = Debug|Any CPU
		{3ABB1B09-8941-4AA8-BB81-E6B3BCA3ABC1}.Debug|Any CPU.Build.0 = Debug|Any CPU
		{3ABB1B09-8941-4AA8-BB81-E6B3BCA3ABC1}.Release|Any CPU.ActiveCfg = Release|Any CPU
		{3ABB1B09-8941-4AA8-BB81-E6B3BCA3ABC1}.Release|Any CPU.Build.0 = Release|Any CPU
	EndGlobalSection
	GlobalSection(SolutionProperties) = preSolution
		HideSolutionNode = FALSE
	EndGlobalSection
EndGlobal
