
Microsoft Visual Studio Solution File, Format Version 12.00
# Visual Studio 14
VisualStudioVersion = 14.0.25420.1
MinimumVisualStudioVersion = 10.0.40219.1
Project("{FAE04EC0-301F-11D3-BF4B-00C04F79EFBC}") = "Number Generator", "Programming Basics Exam - 7 May 2017\Number Generator.csproj", "{AA8ACDA7-600A-43C0-B3F0-AD0FF217E20E}"
EndProject
Project("{FAE04EC0-301F-11D3-BF4B-00C04F79EFBC}") = "Crown", "crown\Crown.csproj", "{9BB17583-EDED-4126-B828-59F1CD6975BD}"
EndProject
Project("{FAE04EC0-301F-11D3-BF4B-00C04F79EFBC}") = "Football League", "Football League\Football League.csproj", "{74F6CFF0-0DAE-45C5-B5AD-28139295B3A0}"
EndProject
Project("{FAE04EC0-301F-11D3-BF4B-00C04F79EFBC}") = "School Camp", "School Camp\School Camp.csproj", "{11161642-8F97-4E81-9438-1FDAC5508C13}"
EndProject
Project("{FAE04EC0-301F-11D3-BF4B-00C04F79EFBC}") = "Toy Shop", "Toy Shop\Toy Shop.csproj", "{B5276C53-97C4-43FA-A25B-E2AEF9AE9B26}"
EndProject
Project("{FAE04EC0-301F-11D3-BF4B-00C04F79EFBC}") = "alcoholnaBorsa", "alcoholnaBorsa\alcoholnaBorsa.csproj", "{6A7AC2E5-32BE-4B02-A771-625D5BBC0AD0}"
EndProject
Global
	GlobalSection(SolutionConfigurationPlatforms) = preSolution
		Debug|Any CPU = Debug|Any CPU
		Release|Any CPU = Release|Any CPU
	EndGlobalSection
	GlobalSection(ProjectConfigurationPlatforms) = postSolution
		{AA8ACDA7-600A-43C0-B3F0-AD0FF217E20E}.Debug|Any CPU.ActiveCfg = Debug|Any CPU
		{AA8ACDA7-600A-43C0-B3F0-AD0FF217E20E}.Debug|Any CPU.Build.0 = Debug|Any CPU
		{AA8ACDA7-600A-43C0-B3F0-AD0FF217E20E}.Release|Any CPU.ActiveCfg = Release|Any CPU
		{AA8ACDA7-600A-43C0-B3F0-AD0FF217E20E}.Release|Any CPU.Build.0 = Release|Any CPU
		{9BB17583-EDED-4126-B828-59F1CD6975BD}.Debug|Any CPU.ActiveCfg = Debug|Any CPU
		{9BB17583-EDED-4126-B828-59F1CD6975BD}.Debug|Any CPU.Build.0 = Debug|Any CPU
		{9BB17583-EDED-4126-B828-59F1CD6975BD}.Release|Any CPU.ActiveCfg = Release|Any CPU
		{9BB17583-EDED-4126-B828-59F1CD6975BD}.Release|Any CPU.Build.0 = Release|Any CPU
		{74F6CFF0-0DAE-45C5-B5AD-28139295B3A0}.Debug|Any CPU.ActiveCfg = Debug|Any CPU
		{74F6CFF0-0DAE-45C5-B5AD-28139295B3A0}.Debug|Any CPU.Build.0 = Debug|Any CPU
		{74F6CFF0-0DAE-45C5-B5AD-28139295B3A0}.Release|Any CPU.ActiveCfg = Release|Any CPU
		{74F6CFF0-0DAE-45C5-B5AD-28139295B3A0}.Release|Any CPU.Build.0 = Release|Any CPU
		{11161642-8F97-4E81-9438-1FDAC5508C13}.Debug|Any CPU.ActiveCfg = Debug|Any CPU
		{11161642-8F97-4E81-9438-1FDAC5508C13}.Debug|Any CPU.Build.0 = Debug|Any CPU
		{11161642-8F97-4E81-9438-1FDAC5508C13}.Release|Any CPU.ActiveCfg = Release|Any CPU
		{11161642-8F97-4E81-9438-1FDAC5508C13}.Release|Any CPU.Build.0 = Release|Any CPU
		{B5276C53-97C4-43FA-A25B-E2AEF9AE9B26}.Debug|Any CPU.ActiveCfg = Debug|Any CPU
		{B5276C53-97C4-43FA-A25B-E2AEF9AE9B26}.Debug|Any CPU.Build.0 = Debug|Any CPU
		{B5276C53-97C4-43FA-A25B-E2AEF9AE9B26}.Release|Any CPU.ActiveCfg = Release|Any CPU
		{B5276C53-97C4-43FA-A25B-E2AEF9AE9B26}.Release|Any CPU.Build.0 = Release|Any CPU
		{6A7AC2E5-32BE-4B02-A771-625D5BBC0AD0}.Debug|Any CPU.ActiveCfg = Debug|Any CPU
		{6A7AC2E5-32BE-4B02-A771-625D5BBC0AD0}.Debug|Any CPU.Build.0 = Debug|Any CPU
		{6A7AC2E5-32BE-4B02-A771-625D5BBC0AD0}.Release|Any CPU.ActiveCfg = Release|Any CPU
		{6A7AC2E5-32BE-4B02-A771-625D5BBC0AD0}.Release|Any CPU.Build.0 = Release|Any CPU
	EndGlobalSection
	GlobalSection(SolutionProperties) = preSolution
		HideSolutionNode = FALSE
	EndGlobalSection
EndGlobal
