
Microsoft Visual Studio Solution File, Format Version 12.00
# Visual Studio 14
VisualStudioVersion = 14.0.25420.1
MinimumVisualStudioVersion = 10.0.40219.1
Project("{FAE04EC0-301F-11D3-BF4B-00C04F79EFBC}") = "task_1", "task_1\task_1.csproj", "{965C3331-93ED-4CA9-9C49-98740F58F6A6}"
EndProject
Project("{FAE04EC0-301F-11D3-BF4B-00C04F79EFBC}") = "task_2", "task_2\task_2.csproj", "{C68F1975-770F-48FC-A852-EE2C473D965C}"
EndProject
Project("{FAE04EC0-301F-11D3-BF4B-00C04F79EFBC}") = "task_3", "task_3\task_3.csproj", "{6E05B6FC-1398-446B-9886-BA3ED0197782}"
EndProject
Project("{FAE04EC0-301F-11D3-BF4B-00C04F79EFBC}") = "task_4", "task_4\task_4.csproj", "{AFFBC75C-FEE7-4BF3-B2A8-389F0E63DE7E}"
EndProject
Project("{FAE04EC0-301F-11D3-BF4B-00C04F79EFBC}") = "task_5", "task_5\task_5.csproj", "{13B3FBCF-BACD-45B1-8A78-D645320374EB}"
EndProject
Project("{FAE04EC0-301F-11D3-BF4B-00C04F79EFBC}") = "task_6", "task_6\task_6.csproj", "{0A9D30F7-915A-46E3-B970-AF4C76FE8F86}"
EndProject
Global
	GlobalSection(SolutionConfigurationPlatforms) = preSolution
		Debug|Any CPU = Debug|Any CPU
		Release|Any CPU = Release|Any CPU
	EndGlobalSection
	GlobalSection(ProjectConfigurationPlatforms) = postSolution
		{965C3331-93ED-4CA9-9C49-98740F58F6A6}.Debug|Any CPU.ActiveCfg = Debug|Any CPU
		{965C3331-93ED-4CA9-9C49-98740F58F6A6}.Debug|Any CPU.Build.0 = Debug|Any CPU
		{965C3331-93ED-4CA9-9C49-98740F58F6A6}.Release|Any CPU.ActiveCfg = Release|Any CPU
		{965C3331-93ED-4CA9-9C49-98740F58F6A6}.Release|Any CPU.Build.0 = Release|Any CPU
		{C68F1975-770F-48FC-A852-EE2C473D965C}.Debug|Any CPU.ActiveCfg = Debug|Any CPU
		{C68F1975-770F-48FC-A852-EE2C473D965C}.Debug|Any CPU.Build.0 = Debug|Any CPU
		{C68F1975-770F-48FC-A852-EE2C473D965C}.Release|Any CPU.ActiveCfg = Release|Any CPU
		{C68F1975-770F-48FC-A852-EE2C473D965C}.Release|Any CPU.Build.0 = Release|Any CPU
		{6E05B6FC-1398-446B-9886-BA3ED0197782}.Debug|Any CPU.ActiveCfg = Debug|Any CPU
		{6E05B6FC-1398-446B-9886-BA3ED0197782}.Debug|Any CPU.Build.0 = Debug|Any CPU
		{6E05B6FC-1398-446B-9886-BA3ED0197782}.Release|Any CPU.ActiveCfg = Release|Any CPU
		{6E05B6FC-1398-446B-9886-BA3ED0197782}.Release|Any CPU.Build.0 = Release|Any CPU
		{AFFBC75C-FEE7-4BF3-B2A8-389F0E63DE7E}.Debug|Any CPU.ActiveCfg = Debug|Any CPU
		{AFFBC75C-FEE7-4BF3-B2A8-389F0E63DE7E}.Debug|Any CPU.Build.0 = Debug|Any CPU
		{AFFBC75C-FEE7-4BF3-B2A8-389F0E63DE7E}.Release|Any CPU.ActiveCfg = Release|Any CPU
		{AFFBC75C-FEE7-4BF3-B2A8-389F0E63DE7E}.Release|Any CPU.Build.0 = Release|Any CPU
		{13B3FBCF-BACD-45B1-8A78-D645320374EB}.Debug|Any CPU.ActiveCfg = Debug|Any CPU
		{13B3FBCF-BACD-45B1-8A78-D645320374EB}.Debug|Any CPU.Build.0 = Debug|Any CPU
		{13B3FBCF-BACD-45B1-8A78-D645320374EB}.Release|Any CPU.ActiveCfg = Release|Any CPU
		{13B3FBCF-BACD-45B1-8A78-D645320374EB}.Release|Any CPU.Build.0 = Release|Any CPU
		{0A9D30F7-915A-46E3-B970-AF4C76FE8F86}.Debug|Any CPU.ActiveCfg = Debug|Any CPU
		{0A9D30F7-915A-46E3-B970-AF4C76FE8F86}.Debug|Any CPU.Build.0 = Debug|Any CPU
		{0A9D30F7-915A-46E3-B970-AF4C76FE8F86}.Release|Any CPU.ActiveCfg = Release|Any CPU
		{0A9D30F7-915A-46E3-B970-AF4C76FE8F86}.Release|Any CPU.Build.0 = Release|Any CPU
	EndGlobalSection
	GlobalSection(SolutionProperties) = preSolution
		HideSolutionNode = FALSE
	EndGlobalSection
EndGlobal
