
Microsoft Visual Studio Solution File, Format Version 12.00
# Visual Studio 14
VisualStudioVersion = 14.0.25420.1
MinimumVisualStudioVersion = 10.0.40219.1
Project("{FAE04EC0-301F-11D3-BF4B-00C04F79EFBC}") = "popravkiiPlochki", "popravkiiPlochki\popravkiiPlochki.csproj", "{D77DB687-D797-4816-A324-68FE50389B11}"
EndProject
Project("{FAE04EC0-301F-11D3-BF4B-00C04F79EFBC}") = "catToom", "catToom\catToom.csproj", "{C5B1714C-ECEB-479A-B7BA-B88A04A8EF61}"
EndProject
Project("{FAE04EC0-301F-11D3-BF4B-00C04F79EFBC}") = "operaciyaMejduOperacii", "operaciyaMejduOperacii\operaciyaMejduOperacii.csproj", "{0C138F8E-6FF4-4E21-A805-DB75065DBF4C}"
EndProject
Project("{FAE04EC0-301F-11D3-BF4B-00C04F79EFBC}") = "UmnataLily", "UmnataLily\UmnataLily.csproj", "{F1AED7D3-97E6-4390-951F-530D30C3F035}"
EndProject
Project("{FAE04EC0-301F-11D3-BF4B-00C04F79EFBC}") = "stop", "stop\stop.csproj", "{0FBF79BE-9C0A-4788-9EC5-EFF4F335E00F}"
EndProject
Project("{FAE04EC0-301F-11D3-BF4B-00C04F79EFBC}") = "specChisla", "specChisla\specChisla.csproj", "{3BC508D9-3124-4A58-9B83-ACF3E3D10B33}"
EndProject
Global
	GlobalSection(SolutionConfigurationPlatforms) = preSolution
		Debug|Any CPU = Debug|Any CPU
		Release|Any CPU = Release|Any CPU
	EndGlobalSection
	GlobalSection(ProjectConfigurationPlatforms) = postSolution
		{D77DB687-D797-4816-A324-68FE50389B11}.Debug|Any CPU.ActiveCfg = Debug|Any CPU
		{D77DB687-D797-4816-A324-68FE50389B11}.Debug|Any CPU.Build.0 = Debug|Any CPU
		{D77DB687-D797-4816-A324-68FE50389B11}.Release|Any CPU.ActiveCfg = Release|Any CPU
		{D77DB687-D797-4816-A324-68FE50389B11}.Release|Any CPU.Build.0 = Release|Any CPU
		{C5B1714C-ECEB-479A-B7BA-B88A04A8EF61}.Debug|Any CPU.ActiveCfg = Debug|Any CPU
		{C5B1714C-ECEB-479A-B7BA-B88A04A8EF61}.Debug|Any CPU.Build.0 = Debug|Any CPU
		{C5B1714C-ECEB-479A-B7BA-B88A04A8EF61}.Release|Any CPU.ActiveCfg = Release|Any CPU
		{C5B1714C-ECEB-479A-B7BA-B88A04A8EF61}.Release|Any CPU.Build.0 = Release|Any CPU
		{0C138F8E-6FF4-4E21-A805-DB75065DBF4C}.Debug|Any CPU.ActiveCfg = Debug|Any CPU
		{0C138F8E-6FF4-4E21-A805-DB75065DBF4C}.Debug|Any CPU.Build.0 = Debug|Any CPU
		{0C138F8E-6FF4-4E21-A805-DB75065DBF4C}.Release|Any CPU.ActiveCfg = Release|Any CPU
		{0C138F8E-6FF4-4E21-A805-DB75065DBF4C}.Release|Any CPU.Build.0 = Release|Any CPU
		{F1AED7D3-97E6-4390-951F-530D30C3F035}.Debug|Any CPU.ActiveCfg = Debug|Any CPU
		{F1AED7D3-97E6-4390-951F-530D30C3F035}.Debug|Any CPU.Build.0 = Debug|Any CPU
		{F1AED7D3-97E6-4390-951F-530D30C3F035}.Release|Any CPU.ActiveCfg = Release|Any CPU
		{F1AED7D3-97E6-4390-951F-530D30C3F035}.Release|Any CPU.Build.0 = Release|Any CPU
		{0FBF79BE-9C0A-4788-9EC5-EFF4F335E00F}.Debug|Any CPU.ActiveCfg = Debug|Any CPU
		{0FBF79BE-9C0A-4788-9EC5-EFF4F335E00F}.Debug|Any CPU.Build.0 = Debug|Any CPU
		{0FBF79BE-9C0A-4788-9EC5-EFF4F335E00F}.Release|Any CPU.ActiveCfg = Release|Any CPU
		{0FBF79BE-9C0A-4788-9EC5-EFF4F335E00F}.Release|Any CPU.Build.0 = Release|Any CPU
		{3BC508D9-3124-4A58-9B83-ACF3E3D10B33}.Debug|Any CPU.ActiveCfg = Debug|Any CPU
		{3BC508D9-3124-4A58-9B83-ACF3E3D10B33}.Debug|Any CPU.Build.0 = Debug|Any CPU
		{3BC508D9-3124-4A58-9B83-ACF3E3D10B33}.Release|Any CPU.ActiveCfg = Release|Any CPU
		{3BC508D9-3124-4A58-9B83-ACF3E3D10B33}.Release|Any CPU.Build.0 = Release|Any CPU
	EndGlobalSection
	GlobalSection(SolutionProperties) = preSolution
		HideSolutionNode = FALSE
	EndGlobalSection
EndGlobal
