
Microsoft Visual Studio Solution File, Format Version 12.00
# Visual Studio 14
VisualStudioVersion = 14.0.25420.1
MinimumVisualStudioVersion = 10.0.40219.1
Project("{FAE04EC0-301F-11D3-BF4B-00C04F79EFBC}") = "Training Lab", "Training Lab\Training Lab.csproj", "{72B7888C-6FF7-491F-85C7-5A5C907AF890}"
EndProject
Project("{FAE04EC0-301F-11D3-BF4B-00C04F79EFBC}") = "Transport Price", "Transport Price\Transport Price.csproj", "{EA55D940-FC5C-4C1A-80D3-E9ECE6D1B8E2}"
EndProject
Project("{FAE04EC0-301F-11D3-BF4B-00C04F79EFBC}") = "On Time for the Exam", "On Time for the Exam\On Time for the Exam.csproj", "{2EBA478F-F0E4-49CF-A6C7-EF84FE8E0EEC}"
EndProject
Project("{FAE04EC0-301F-11D3-BF4B-00C04F79EFBC}") = "Histogram", "Histogram\Histogram.csproj", "{53D5C746-B7CF-4066-9D67-04D2CF3ABC56}"
EndProject
Project("{FAE04EC0-301F-11D3-BF4B-00C04F79EFBC}") = "Draw Fort", "Draw Fort\Draw Fort.csproj", "{A6E5304B-2345-4D38-98CF-E1F33D06856E}"
EndProject
Project("{FAE04EC0-301F-11D3-BF4B-00C04F79EFBC}") = "Password Genererator", "Password Genererator\Password Genererator.csproj", "{C84B672C-90EC-4383-915F-92B280117C49}"
EndProject
Global
	GlobalSection(SolutionConfigurationPlatforms) = preSolution
		Debug|Any CPU = Debug|Any CPU
		Release|Any CPU = Release|Any CPU
	EndGlobalSection
	GlobalSection(ProjectConfigurationPlatforms) = postSolution
		{72B7888C-6FF7-491F-85C7-5A5C907AF890}.Debug|Any CPU.ActiveCfg = Debug|Any CPU
		{72B7888C-6FF7-491F-85C7-5A5C907AF890}.Debug|Any CPU.Build.0 = Debug|Any CPU
		{72B7888C-6FF7-491F-85C7-5A5C907AF890}.Release|Any CPU.ActiveCfg = Release|Any CPU
		{72B7888C-6FF7-491F-85C7-5A5C907AF890}.Release|Any CPU.Build.0 = Release|Any CPU
		{EA55D940-FC5C-4C1A-80D3-E9ECE6D1B8E2}.Debug|Any CPU.ActiveCfg = Debug|Any CPU
		{EA55D940-FC5C-4C1A-80D3-E9ECE6D1B8E2}.Debug|Any CPU.Build.0 = Debug|Any CPU
		{EA55D940-FC5C-4C1A-80D3-E9ECE6D1B8E2}.Release|Any CPU.ActiveCfg = Release|Any CPU
		{EA55D940-FC5C-4C1A-80D3-E9ECE6D1B8E2}.Release|Any CPU.Build.0 = Release|Any CPU
		{2EBA478F-F0E4-49CF-A6C7-EF84FE8E0EEC}.Debug|Any CPU.ActiveCfg = Debug|Any CPU
		{2EBA478F-F0E4-49CF-A6C7-EF84FE8E0EEC}.Debug|Any CPU.Build.0 = Debug|Any CPU
		{2EBA478F-F0E4-49CF-A6C7-EF84FE8E0EEC}.Release|Any CPU.ActiveCfg = Release|Any CPU
		{2EBA478F-F0E4-49CF-A6C7-EF84FE8E0EEC}.Release|Any CPU.Build.0 = Release|Any CPU
		{53D5C746-B7CF-4066-9D67-04D2CF3ABC56}.Debug|Any CPU.ActiveCfg = Debug|Any CPU
		{53D5C746-B7CF-4066-9D67-04D2CF3ABC56}.Debug|Any CPU.Build.0 = Debug|Any CPU
		{53D5C746-B7CF-4066-9D67-04D2CF3ABC56}.Release|Any CPU.ActiveCfg = Release|Any CPU
		{53D5C746-B7CF-4066-9D67-04D2CF3ABC56}.Release|Any CPU.Build.0 = Release|Any CPU
		{A6E5304B-2345-4D38-98CF-E1F33D06856E}.Debug|Any CPU.ActiveCfg = Debug|Any CPU
		{A6E5304B-2345-4D38-98CF-E1F33D06856E}.Debug|Any CPU.Build.0 = Debug|Any CPU
		{A6E5304B-2345-4D38-98CF-E1F33D06856E}.Release|Any CPU.ActiveCfg = Release|Any CPU
		{A6E5304B-2345-4D38-98CF-E1F33D06856E}.Release|Any CPU.Build.0 = Release|Any CPU
		{C84B672C-90EC-4383-915F-92B280117C49}.Debug|Any CPU.ActiveCfg = Debug|Any CPU
		{C84B672C-90EC-4383-915F-92B280117C49}.Debug|Any CPU.Build.0 = Debug|Any CPU
		{C84B672C-90EC-4383-915F-92B280117C49}.Release|Any CPU.ActiveCfg = Release|Any CPU
		{C84B672C-90EC-4383-915F-92B280117C49}.Release|Any CPU.Build.0 = Release|Any CPU
	EndGlobalSection
	GlobalSection(SolutionProperties) = preSolution
		HideSolutionNode = FALSE
	EndGlobalSection
EndGlobal
